
Microsoft Visual Studio Solution File, Format Version 12.00
# Visual Studio Version 16
VisualStudioVersion = 16.0.29021.104
MinimumVisualStudioVersion = 10.0.40219.1
Project("{9A19103F-16F7-4668-BE54-9A1E7A4F7556}") = "HollyTest.Server", "HollyTest.Server\HollyTest.Server.csproj", "{5B2E6627-1EE3-42E4-A8B6-529E4CA0F79A}"
EndProject
Project("{9A19103F-16F7-4668-BE54-9A1E7A4F7556}") = "HollyTest.Client", "HollyTest.Client\HollyTest.Client.csproj", "{2B71B19A-8FE4-4EE8-B2C9-544F9B12766A}"
EndProject
Project("{9A19103F-16F7-4668-BE54-9A1E7A4F7556}") = "HollyTest.Shared", "HollyTest.Shared\HollyTest.Shared.csproj", "{6F9A7499-F385-436A-9F96-676F5FA079E5}"
EndProject
Global
	GlobalSection(SolutionConfigurationPlatforms) = preSolution
		Debug|Any CPU = Debug|Any CPU
		Release|Any CPU = Release|Any CPU
	EndGlobalSection
	GlobalSection(ProjectConfigurationPlatforms) = postSolution
		{5B2E6627-1EE3-42E4-A8B6-529E4CA0F79A}.Debug|Any CPU.ActiveCfg = Debug|Any CPU
		{5B2E6627-1EE3-42E4-A8B6-529E4CA0F79A}.Debug|Any CPU.Build.0 = Debug|Any CPU
		{5B2E6627-1EE3-42E4-A8B6-529E4CA0F79A}.Release|Any CPU.ActiveCfg = Release|Any CPU
		{5B2E6627-1EE3-42E4-A8B6-529E4CA0F79A}.Release|Any CPU.Build.0 = Release|Any CPU
		{2B71B19A-8FE4-4EE8-B2C9-544F9B12766A}.Debug|Any CPU.ActiveCfg = Debug|Any CPU
		{2B71B19A-8FE4-4EE8-B2C9-544F9B12766A}.Debug|Any CPU.Build.0 = Debug|Any CPU
		{2B71B19A-8FE4-4EE8-B2C9-544F9B12766A}.Release|Any CPU.ActiveCfg = Release|Any CPU
		{2B71B19A-8FE4-4EE8-B2C9-544F9B12766A}.Release|Any CPU.Build.0 = Release|Any CPU
		{6F9A7499-F385-436A-9F96-676F5FA079E5}.Debug|Any CPU.ActiveCfg = Debug|Any CPU
		{6F9A7499-F385-436A-9F96-676F5FA079E5}.Debug|Any CPU.Build.0 = Debug|Any CPU
		{6F9A7499-F385-436A-9F96-676F5FA079E5}.Release|Any CPU.ActiveCfg = Release|Any CPU
		{6F9A7499-F385-436A-9F96-676F5FA079E5}.Release|Any CPU.Build.0 = Release|Any CPU
	EndGlobalSection
	GlobalSection(SolutionProperties) = preSolution
		HideSolutionNode = FALSE
	EndGlobalSection
	GlobalSection(ExtensibilityGlobals) = postSolution
		SolutionGuid = {7B9D0F40-F674-4071-AA32-CDDAACB672C2}
	EndGlobalSection
EndGlobal
