
Microsoft Visual Studio Solution File, Format Version 12.00
# Visual Studio Version 16
VisualStudioVersion = 16.0.29021.104
MinimumVisualStudioVersion = 10.0.40219.1
Project("{FAE04EC0-301F-11D3-BF4B-00C04F79EFBC}") = "HollyTest", "HollyTest\HollyTest.csproj", "{F8732778-BFEA-4C61-84F5-2FD1345E4B0C}"
EndProject
Global
	GlobalSection(SolutionConfigurationPlatforms) = preSolution
		Debug|Any CPU = Debug|Any CPU
		Release|Any CPU = Release|Any CPU
	EndGlobalSection
	GlobalSection(ProjectConfigurationPlatforms) = postSolution
		{F8732778-BFEA-4C61-84F5-2FD1345E4B0C}.Debug|Any CPU.ActiveCfg = Debug|Any CPU
		{F8732778-BFEA-4C61-84F5-2FD1345E4B0C}.Debug|Any CPU.Build.0 = Debug|Any CPU
		{F8732778-BFEA-4C61-84F5-2FD1345E4B0C}.Release|Any CPU.ActiveCfg = Release|Any CPU
		{F8732778-BFEA-4C61-84F5-2FD1345E4B0C}.Release|Any CPU.Build.0 = Release|Any CPU
	EndGlobalSection
	GlobalSection(SolutionProperties) = preSolution
		HideSolutionNode = FALSE
	EndGlobalSection
	GlobalSection(ExtensibilityGlobals) = postSolution
		SolutionGuid = {C6B84B0E-333D-48D9-A4F9-A7281545B7AF}
	EndGlobalSection
EndGlobal
